
Microsoft Visual Studio Solution File, Format Version 12.00
# Visual Studio 14
VisualStudioVersion = 14.0.25420.1
MinimumVisualStudioVersion = 10.0.40219.1
Project("{FAE04EC0-301F-11D3-BF4B-00C04F79EFBC}") = "GroupmeDataProcessor", "GroupmeDataProcessor\GroupmeDataProcessor.csproj", "{AFE77B0D-B24F-4190-AB3A-79DEC9ED7E3A}"
EndProject
Global
	GlobalSection(SolutionConfigurationPlatforms) = preSolution
		Debug|Any CPU = Debug|Any CPU
		Release|Any CPU = Release|Any CPU
	EndGlobalSection
	GlobalSection(ProjectConfigurationPlatforms) = postSolution
		{AFE77B0D-B24F-4190-AB3A-79DEC9ED7E3A}.Debug|Any CPU.ActiveCfg = Debug|Any CPU
		{AFE77B0D-B24F-4190-AB3A-79DEC9ED7E3A}.Debug|Any CPU.Build.0 = Debug|Any CPU
		{AFE77B0D-B24F-4190-AB3A-79DEC9ED7E3A}.Release|Any CPU.ActiveCfg = Release|Any CPU
		{AFE77B0D-B24F-4190-AB3A-79DEC9ED7E3A}.Release|Any CPU.Build.0 = Release|Any CPU
	EndGlobalSection
	GlobalSection(SolutionProperties) = preSolution
		HideSolutionNode = FALSE
	EndGlobalSection
EndGlobal
